
Microsoft Visual Studio Solution File, Format Version 12.00
# Visual Studio Version 16
VisualStudioVersion = 16.0.31702.278
MinimumVisualStudioVersion = 10.0.40219.1
Project("{FAE04EC0-301F-11D3-BF4B-00C04F79EFBC}") = "contractor_app_DP", "contractor_app_DP\contractor_app_DP.csproj", "{5F92831B-F767-4208-9FD0-FF1E1705D9F5}"
EndProject
Global
	GlobalSection(SolutionConfigurationPlatforms) = preSolution
		Debug|Any CPU = Debug|Any CPU
		Release|Any CPU = Release|Any CPU
	EndGlobalSection
	GlobalSection(ProjectConfigurationPlatforms) = postSolution
		{5F92831B-F767-4208-9FD0-FF1E1705D9F5}.Debug|Any CPU.ActiveCfg = Debug|Any CPU
		{5F92831B-F767-4208-9FD0-FF1E1705D9F5}.Debug|Any CPU.Build.0 = Debug|Any CPU
		{5F92831B-F767-4208-9FD0-FF1E1705D9F5}.Release|Any CPU.ActiveCfg = Release|Any CPU
		{5F92831B-F767-4208-9FD0-FF1E1705D9F5}.Release|Any CPU.Build.0 = Release|Any CPU
	EndGlobalSection
	GlobalSection(SolutionProperties) = preSolution
		HideSolutionNode = FALSE
	EndGlobalSection
	GlobalSection(ExtensibilityGlobals) = postSolution
		SolutionGuid = {EF8BE816-4F81-4309-9390-24DB02B2B604}
	EndGlobalSection
EndGlobal
